
Microsoft Visual Studio Solution File, Format Version 12.00
# Visual Studio Version 17
VisualStudioVersion = 17.13.35931.197 d17.13
MinimumVisualStudioVersion = 10.0.40219.1
Project("{FAE04EC0-301F-11D3-BF4B-00C04F79EFBC}") = "FP.TUNTASIN", "FP.TUNTASIN.csproj", "{15B4A688-6320-48FE-AF63-1F762E0419F4}"
EndProject
Global
	GlobalSection(SolutionConfigurationPlatforms) = preSolution
		Debug|Any CPU = Debug|Any CPU
		Release|Any CPU = Release|Any CPU
	EndGlobalSection
	GlobalSection(ProjectConfigurationPlatforms) = postSolution
		{15B4A688-6320-48FE-AF63-1F762E0419F4}.Debug|Any CPU.ActiveCfg = Debug|Any CPU
		{15B4A688-6320-48FE-AF63-1F762E0419F4}.Debug|Any CPU.Build.0 = Debug|Any CPU
		{15B4A688-6320-48FE-AF63-1F762E0419F4}.Release|Any CPU.ActiveCfg = Release|Any CPU
		{15B4A688-6320-48FE-AF63-1F762E0419F4}.Release|Any CPU.Build.0 = Release|Any CPU
	EndGlobalSection
	GlobalSection(SolutionProperties) = preSolution
		HideSolutionNode = FALSE
	EndGlobalSection
	GlobalSection(ExtensibilityGlobals) = postSolution
		SolutionGuid = {0EDF5FEB-EDD6-4826-8726-453689181AA6}
	EndGlobalSection
EndGlobal
